// !$*UTF8*$!
{
	archiveVersion = 1;
	classes = {
	};
	objectVersion = 50;
	objects = {

/* Begin PBXBuildFile section */
		CBC8ED81236BBCAA009BE223 /* AppDelegate.swift in Sources */ = {isa = PBXBuildFile; fileRef = CBC8ED80236BBCAA009BE223 /* AppDelegate.swift */; };
		CBC8ED83236BBCAA009BE223 /* SceneDelegate.swift in Sources */ = {isa = PBXBuildFile; fileRef = CBC8ED82236BBCAA009BE223 /* SceneDelegate.swift */; };
		CBC8ED85236BBCAA009BE223 /* ContentView.swift in Sources */ = {isa = PBXBuildFile; fileRef = CBC8ED84236BBCAA009BE223 /* ContentView.swift */; };
		CBC8ED87236BBCAE009BE223 /* Assets.xcassets in Resources */ = {isa = PBXBuildFile; fileRef = CBC8ED86236BBCAE009BE223 /* Assets.xcassets */; };
		CBC8ED8A236BBCAE009BE223 /* Preview Assets.xcassets in Resources */ = {isa = PBXBuildFile; fileRef = CBC8ED89236BBCAE009BE223 /* Preview Assets.xcassets */; };
		CBC8ED8D236BBCAE009BE223 /* LaunchScreen.storyboard in Resources */ = {isa = PBXBuildFile; fileRef = CBC8ED8B236BBCAE009BE223 /* LaunchScreen.storyboard */; };
/* End PBXBuildFile section */

/* Begin PBXFileReference section */
		CBC8ED7D236BBCAA009BE223 /* FederalTaxCalculator.app */ = {isa = PBXFileReference; explicitFileType = wrapper.application; includeInIndex = 0; path = FederalTaxCalculator.app; sourceTree = BUILT_PRODUCTS_DIR; };
		CBC8ED80236BBCAA009BE223 /* AppDelegate.swift */ = {isa = PBXFileReference; lastKnownFileType = sourcecode.swift; path = AppDelegate.swift; sourceTree = "<group>"; };
		CBC8ED82236BBCAA009BE223 /* SceneDelegate.swift */ = {isa = PBXFileReference; lastKnownFileType = sourcecode.swift; path = SceneDelegate.swift; sourceTree = "<group>"; };
		CBC8ED84236BBCAA009BE223 /* ContentView.swift */ = {isa = PBXFileReference; lastKnownFileType = sourcecode.swift; path = ContentView.swift; sourceTree = "<group>"; };
		CBC8ED86236BBCAE009BE223 /* Assets.xcassets */ = {isa = PBXFileReference; lastKnownFileType = folder.assetcatalog; path = Assets.xcassets; sourceTree = "<group>"; };
		CBC8ED89236BBCAE009BE223 /* Preview Assets.xcassets */ = {isa = PBXFileReference; lastKnownFileType = folder.assetcatalog; path = "Preview Assets.xcassets"; sourceTree = "<group>"; };
		CBC8ED8C236BBCAE009BE223 /* Base */ = {isa = PBXFileReference; lastKnownFileType = file.storyboard; name = Base; path = Base.lproj/LaunchScreen.storyboard; sourceTree = "<group>"; };
		CBC8ED8E236BBCAE009BE223 /* Info.plist */ = {isa = PBXFileReference; lastKnownFileType = text.plist.xml; path = Info.plist; sourceTree = "<group>"; };
/* End PBXFileReference section */

/* Begin PBXFrameworksBuildPhase section */
		CBC8ED7A236BBCAA009BE223 /* Frameworks */ = {
			isa = PBXFrameworksBuildPhase;
			buildActionMask = 2147483647;
			files = (
			);
			runOnlyForDeploymentPostprocessing = 0;
		};
/* End PBXFrameworksBuildPhase section */

/* Begin PBXGroup section */
		CBC8ED74236BBCAA009BE223 = {
			isa = PBXGroup;
			children = (
				CBC8ED7F236BBCAA009BE223 /* FederalTaxCalculator */,
				CBC8ED7E236BBCAA009BE223 /* Products */,
			);
			sourceTree = "<group>";
		};
		CBC8ED7E236BBCAA009BE223 /* Products */ = {
			isa = PBXGroup;
			children = (
				CBC8ED7D236BBCAA009BE223 /* FederalTaxCalculator.app */,
			);
			name = Products;
			sourceTree = "<group>";
		};
		CBC8ED7F236BBCAA009BE223 /* FederalTaxCalculator */ = {
			isa = PBXGroup;
			children = (
				CBC8ED80236BBCAA009BE223 /* AppDelegate.swift */,
				CBC8ED82236BBCAA009BE223 /* SceneDelegate.swift */,
				CBC8ED84236BBCAA009BE223 /* ContentView.swift */,
				CBC8ED86236BBCAE009BE223 /* Assets.xcassets */,
				CBC8ED8B236BBCAE009BE223 /* LaunchScreen.storyboard */,
				CBC8ED8E236BBCAE009BE223 /* Info.plist */,
				CBC8ED88236BBCAE009BE223 /* Preview Content */,
			);
			path = FederalTaxCalculator;
			sourceTree = "<group>";
		};
		CBC8ED88236BBCAE009BE223 /* Preview Content */ = {
			isa = PBXGroup;
			children = (
				CBC8ED89236BBCAE009BE223 /* Preview Assets.xcassets */,
			);
			path = "Preview Content";
			sourceTree = "<group>";
		};
/* End PBXGroup section */

/* Begin PBXNativeTarget section */
		CBC8ED7C236BBCAA009BE223 /* FederalTaxCalculator */ = {
			isa = PBXNativeTarget;
			buildConfigurationList = CBC8ED91236BBCAE009BE223 /* Build configuration list for PBXNativeTarget "FederalTaxCalculator" */;
			buildPhases = (
				CBC8ED79236BBCAA009BE223 /* Sources */,
				CBC8ED7A236BBCAA009BE223 /* Frameworks */,
				CBC8ED7B236BBCAA009BE223 /* Resources */,
			);
			buildRules = (
			);
			dependencies = (
			);
			name = FederalTaxCalculator;
			productName = FederalTaxCalculator;
			productReference = CBC8ED7D236BBCAA009BE223 /* FederalTaxCalculator.app */;
			productType = "com.apple.product-type.application";
		};
/* End PBXNativeTarget section */

/* Begin PBXProject section */
		CBC8ED75236BBCAA009BE223 /* Project object */ = {
			isa = PBXProject;
			attributes = {
				LastSwiftUpdateCheck = 1110;
				LastUpgradeCheck = 1110;
				ORGANIZATIONNAME = "Rori Ash";
				TargetAttributes = {
					CBC8ED7C236BBCAA009BE223 = {
						CreatedOnToolsVersion = 11.1;
					};
				};
			};
			buildConfigurationList = CBC8ED78236BBCAA009BE223 /* Build configuration list for PBXProject "FederalTaxCalculator" */;
			compatibilityVersion = "Xcode 9.3";
			developmentRegion = en;
			hasScannedForEncodings = 0;
			knownRegions = (
				en,
				Base,
			);
			mainGroup = CBC8ED74236BBCAA009BE223;
			productRefGroup = CBC8ED7E236BBCAA009BE223 /* Products */;
			projectDirPath = "";
			projectRoot = "";
			targets = (
				CBC8ED7C236BBCAA009BE223 /* FederalTaxCalculator */,
			);
		};
/* End PBXProject section */

/* Begin PBXResourcesBuildPhase section */
		CBC8ED7B236BBCAA009BE223 /* Resources */ = {
			isa = PBXResourcesBuildPhase;
			buildActionMask = 2147483647;
			files = (
				CBC8ED8D236BBCAE009BE223 /* LaunchScreen.storyboard in Resources */,
				CBC8ED8A236BBCAE009BE223 /* Preview Assets.xcassets in Resources */,
				CBC8ED87236BBCAE009BE223 /* Assets.xcassets in Resources */,
			);
			runOnlyForDeploymentPostprocessing = 0;
		};
/* End PBXResourcesBuildPhase section */

/* Begin PBXSourcesBuildPhase section */
		CBC8ED79236BBCAA009BE223 /* Sources */ = {
			isa = PBXSourcesBuildPhase;
			buildActionMask = 2147483647;
			files = (
				CBC8ED81236BBCAA009BE223 /* AppDelegate.swift in Sources */,
				CBC8ED83236BBCAA009BE223 /* SceneDelegate.swift in Sources */,
				CBC8ED85236BBCAA009BE223 /* ContentView.swift in Sources */,
			);
			runOnlyForDeploymentPostprocessing = 0;
		};
/* End PBXSourcesBuildPhase section */

/* Begin PBXVariantGroup section */
		CBC8ED8B236BBCAE009BE223 /* LaunchScreen.storyboard */ = {
			isa = PBXVariantGroup;
			children = (
				CBC8ED8C236BBCAE009BE223 /* Base */,
			);
			name = LaunchScreen.storyboard;
			sourceTree = "<group>";
		};
/* End PBXVariantGroup section */

/* Begin XCBuildConfiguration section */
		CBC8ED8F236BBCAE009BE223 /* Debug */ = {
			isa = XCBuildConfiguration;
			buildSettings = {
				ALWAYS_SEARCH_USER_PATHS = NO;
				CLANG_ANALYZER_NONNULL = YES;
				CLANG_ANALYZER_NUMBER_OBJECT_CONVERSION = YES_AGGRESSIVE;
				CLANG_CXX_LANGUAGE_STANDARD = "gnu++14";
				CLANG_CXX_LIBRARY = "libc++";
				CLANG_ENABLE_MODULES = YES;
				CLANG_ENABLE_OBJC_ARC = YES;
				CLANG_ENABLE_OBJC_WEAK = YES;
				CLANG_WARN_BLOCK_CAPTURE_AUTORELEASING = YES;
				CLANG_WARN_BOOL_CONVERSION = YES;
				CLANG_WARN_COMMA = YES;
				CLANG_WARN_CONSTANT_CONVERSION = YES;
				CLANG_WARN_DEPRECATED_OBJC_IMPLEMENTATIONS = YES;
				CLANG_WARN_DIRECT_OBJC_ISA_USAGE = YES_ERROR;
				CLANG_WARN_DOCUMENTATION_COMMENTS = YES;
				CLANG_WARN_EMPTY_BODY = YES;
				CLANG_WARN_ENUM_CONVERSION = YES;
				CLANG_WARN_INFINITE_RECURSION = YES;
				CLANG_WARN_INT_CONVERSION = YES;
				CLANG_WARN_NON_LITERAL_NULL_CONVERSION = YES;
				CLANG_WARN_OBJC_IMPLICIT_RETAIN_SELF = YES;
				CLANG_WARN_OBJC_LITERAL_CONVERSION = YES;
				CLANG_WARN_OBJC_ROOT_CLASS = YES_ERROR;
				CLANG_WARN_RANGE_LOOP_ANALYSIS = YES;
				CLANG_WARN_STRICT_PROTOTYPES = YES;
				CLANG_WARN_SUSPICIOUS_MOVE = YES;
				CLANG_WARN_UNGUARDED_AVAILABILITY = YES_AGGRESSIVE;
				CLANG_WARN_UNREACHABLE_CODE = YES;
				CLANG_WARN__DUPLICATE_METHOD_MATCH = YES;
				COPY_PHASE_STRIP = NO;
				DEBUG_INFORMATION_FORMAT = dwarf;
				ENABLE_STRICT_OBJC_MSGSEND = YES;
				ENABLE_TESTABILITY = YES;
				GCC_C_LANGUAGE_STANDARD = gnu11;
				GCC_DYNAMIC_NO_PIC = NO;
				GCC_NO_COMMON_BLOCKS = YES;
				GCC_OPTIMIZATION_LEVEL = 0;
				GCC_PREPROCESSOR_DEFINITIONS = (
					"DEBUG=1",
					"$(inherited)",
				);
				GCC_WARN_64_TO_32_BIT_CONVERSION = YES;
				GCC_WARN_ABOUT_RETURN_TYPE = YES_ERROR;
				GCC_WARN_UNDECLARED_SELECTOR = YES;
				GCC_WARN_UNINITIALIZED_AUTOS = YES_AGGRESSIVE;
				GCC_WARN_UNUSED_FUNCTION = YES;
				GCC_WARN_UNUSED_VARIABLE = YES;
				IPHONEOS_DEPLOYMENT_TARGET = 13.1;
				MTL_ENABLE_DEBUG_INFO = INCLUDE_SOURCE;
				MTL_FAST_MATH = YES;
				ONLY_ACTIVE_ARCH = YES;
				SDKROOT = iphoneos;
				SWIFT_ACTIVE_COMPILATION_CONDITIONS = DEBUG;
				SWIFT_OPTIMIZATION_LEVEL = "-Onone";
			};
			name = Debug;
		};
		CBC8ED90236BBCAE009BE223 /* Release */ = {
			isa = XCBuildConfiguration;
			buildSettings = {
				ALWAYS_SEARCH_USER_PATHS = NO;
				CLANG_ANALYZER_NONNULL = YES;
				CLANG_ANALYZER_NUMBER_OBJECT_CONVERSION = YES_AGGRESSIVE;
				CLANG_CXX_LANGUAGE_STANDARD = "gnu++14";
				CLANG_CXX_LIBRARY = "libc++";
				CLANG_ENABLE_MODULES = YES;
				CLANG_ENABLE_OBJC_ARC = YES;
				CLANG_ENABLE_OBJC_WEAK = YES;
				CLANG_WARN_BLOCK_CAPTURE_AUTORELEASING = YES;
				CLANG_WARN_BOOL_CONVERSION = YES;
				CLANG_WARN_COMMA = YES;
				CLANG_WARN_CONSTANT_CONVERSION = YES;
				CLANG_WARN_DEPRECATED_OBJC_IMPLEMENTATIONS = YES;
				CLANG_WARN_DIRECT_OBJC_ISA_USAGE = YES_ERROR;
				CLANG_WARN_DOCUMENTATION_COMMENTS = YES;
				CLANG_WARN_EMPTY_BODY = YES;
				CLANG_WARN_ENUM_CONVERSION = YES;
				CLANG_WARN_INFINITE_RECURSION = YES;
				CLANG_WARN_INT_CONVERSION = YES;
				CLANG_WARN_NON_LITERAL_NULL_CONVERSION = YES;
				CLANG_WARN_OBJC_IMPLICIT_RETAIN_SELF = YES;
				CLANG_WARN_OBJC_LITERAL_CONVERSION = YES;
				CLANG_WARN_OBJC_ROOT_CLASS = YES_ERROR;
				CLANG_WARN_RANGE_LOOP_ANALYSIS = YES;
				CLANG_WARN_STRICT_PROTOTYPES = YES;
				CLANG_WARN_SUSPICIOUS_MOVE = YES;
				CLANG_WARN_UNGUARDED_AVAILABILITY = YES_AGGRESSIVE;
				CLANG_WARN_UNREACHABLE_CODE = YES;
				CLANG_WARN__DUPLICATE_METHOD_MATCH = YES;
				COPY_PHASE_STRIP = NO;
				DEBUG_INFORMATION_FORMAT = "dwarf-with-dsym";
				ENABLE_NS_ASSERTIONS = NO;
				ENABLE_STRICT_OBJC_MSGSEND = YES;
				GCC_C_LANGUAGE_STANDARD = gnu11;
				GCC_NO_COMMON_BLOCKS = YES;
				GCC_WARN_64_TO_32_BIT_CONVERSION = YES;
				GCC_WARN_ABOUT_RETURN_TYPE = YES_ERROR;
				GCC_WARN_UNDECLARED_SELECTOR = YES;
				GCC_WARN_UNINITIALIZED_AUTOS = YES_AGGRESSIVE;
				GCC_WARN_UNUSED_FUNCTION = YES;
				GCC_WARN_UNUSED_VARIABLE = YES;
				IPHONEOS_DEPLOYMENT_TARGET = 13.1;
				MTL_ENABLE_DEBUG_INFO = NO;
				MTL_FAST_MATH = YES;
				SDKROOT = iphoneos;
				SWIFT_COMPILATION_MODE = wholemodule;
				SWIFT_OPTIMIZATION_LEVEL = "-O";
				VALIDATE_PRODUCT = YES;
			};
			name = Release;
		};
		CBC8ED92236BBCAE009BE223 /* Debug */ = {
			isa = XCBuildConfiguration;
			buildSettings = {
				ASSETCATALOG_COMPILER_APPICON_NAME = AppIcon;
				CODE_SIGN_STYLE = Automatic;
				DEVELOPMENT_ASSET_PATHS = "\"FederalTaxCalculator/Preview Content\"";
				DEVELOPMENT_TEAM = V28G92P9QM;
				ENABLE_PREVIEWS = YES;
				INFOPLIST_FILE = FederalTaxCalculator/Info.plist;
				LD_RUNPATH_SEARCH_PATHS = (
					"$(inherited)",
					"@executable_path/Frameworks",
				);
				PRODUCT_BUNDLE_IDENTIFIER = ca.ash.rori.FederalTaxCalculator;
				PRODUCT_NAME = "$(TARGET_NAME)";
				SWIFT_VERSION = 5.0;
				TARGETED_DEVICE_FAMILY = "1,2";
			};
			name = Debug;
		};
		CBC8ED93236BBCAE009BE223 /* Release */ = {
			isa = XCBuildConfiguration;
			buildSettings = {
				ASSETCATALOG_COMPILER_APPICON_NAME = AppIcon;
				CODE_SIGN_STYLE = Automatic;
				DEVELOPMENT_ASSET_PATHS = "\"FederalTaxCalculator/Preview Content\"";
				DEVELOPMENT_TEAM = V28G92P9QM;
				ENABLE_PREVIEWS = YES;
				INFOPLIST_FILE = FederalTaxCalculator/Info.plist;
				LD_RUNPATH_SEARCH_PATHS = (
					"$(inherited)",
					"@executable_path/Frameworks",
				);
				PRODUCT_BUNDLE_IDENTIFIER = ca.ash.rori.FederalTaxCalculator;
				PRODUCT_NAME = "$(TARGET_NAME)";
				SWIFT_VERSION = 5.0;
				TARGETED_DEVICE_FAMILY = "1,2";
			};
			name = Release;
		};
/* End XCBuildConfiguration section */

/* Begin XCConfigurationList section */
		CBC8ED78236BBCAA009BE223 /* Build configuration list for PBXProject "FederalTaxCalculator" */ = {
			isa = XCConfigurationList;
			buildConfigurations = (
				CBC8ED8F236BBCAE009BE223 /* Debug */,
				CBC8ED90236BBCAE009BE223 /* Release */,
			);
			defaultConfigurationIsVisible = 0;
			defaultConfigurationName = Release;
		};
		CBC8ED91236BBCAE009BE223 /* Build configuration list for PBXNativeTarget "FederalTaxCalculator" */ = {
			isa = XCConfigurationList;
			buildConfigurations = (
				CBC8ED92236BBCAE009BE223 /* Debug */,
				CBC8ED93236BBCAE009BE223 /* Release */,
			);
			defaultConfigurationIsVisible = 0;
			defaultConfigurationName = Release;
		};
/* End XCConfigurationList section */
	};
	rootObject = CBC8ED75236BBCAA009BE223 /* Project object */;
}
